
Microsoft Visual Studio Solution File, Format Version 12.00
# Visual Studio Version 17
VisualStudioVersion = 17.3.32825.248
MinimumVisualStudioVersion = 10.0.40219.1
Project("{FAE04EC0-301F-11D3-BF4B-00C04F79EFBC}") = "Data Layer", "Booking System\Data Layer.csproj", "{8BD82733-1C15-437A-8E08-49495237DB63}"
EndProject
Project("{FAE04EC0-301F-11D3-BF4B-00C04F79EFBC}") = "Service Layer", "Data Layer\Service Layer.csproj", "{07C021D7-0D53-4BE3-96C6-2306D9D0988F}"
EndProject
Project("{FAE04EC0-301F-11D3-BF4B-00C04F79EFBC}") = "Common", "Common\Common.csproj", "{2057AE34-0DDD-48E4-A6A1-7CF9066866E7}"
EndProject
Global
	GlobalSection(SolutionConfigurationPlatforms) = preSolution
		Debug|Any CPU = Debug|Any CPU
		Release|Any CPU = Release|Any CPU
	EndGlobalSection
	GlobalSection(ProjectConfigurationPlatforms) = postSolution
		{8BD82733-1C15-437A-8E08-49495237DB63}.Debug|Any CPU.ActiveCfg = Debug|Any CPU
		{8BD82733-1C15-437A-8E08-49495237DB63}.Debug|Any CPU.Build.0 = Debug|Any CPU
		{8BD82733-1C15-437A-8E08-49495237DB63}.Release|Any CPU.ActiveCfg = Release|Any CPU
		{8BD82733-1C15-437A-8E08-49495237DB63}.Release|Any CPU.Build.0 = Release|Any CPU
		{07C021D7-0D53-4BE3-96C6-2306D9D0988F}.Debug|Any CPU.ActiveCfg = Debug|Any CPU
		{07C021D7-0D53-4BE3-96C6-2306D9D0988F}.Debug|Any CPU.Build.0 = Debug|Any CPU
		{07C021D7-0D53-4BE3-96C6-2306D9D0988F}.Release|Any CPU.ActiveCfg = Release|Any CPU
		{07C021D7-0D53-4BE3-96C6-2306D9D0988F}.Release|Any CPU.Build.0 = Release|Any CPU
		{2057AE34-0DDD-48E4-A6A1-7CF9066866E7}.Debug|Any CPU.ActiveCfg = Debug|Any CPU
		{2057AE34-0DDD-48E4-A6A1-7CF9066866E7}.Debug|Any CPU.Build.0 = Debug|Any CPU
		{2057AE34-0DDD-48E4-A6A1-7CF9066866E7}.Release|Any CPU.ActiveCfg = Release|Any CPU
		{2057AE34-0DDD-48E4-A6A1-7CF9066866E7}.Release|Any CPU.Build.0 = Release|Any CPU
	EndGlobalSection
	GlobalSection(SolutionProperties) = preSolution
		HideSolutionNode = FALSE
	EndGlobalSection
	GlobalSection(ExtensibilityGlobals) = postSolution
		SolutionGuid = {E2CD322F-3F4F-4CA4-BCF6-634D0099F946}
	EndGlobalSection
EndGlobal
